# THIS IS AN AUTOGENERATED FILE. DO NOT EDIT THIS FILE DIRECTLY.
# yarn lockfile v1


"@emnapi/core@^1.4.0":
  version "1.4.3"
  resolved "https://registry.yarnpkg.com/@emnapi/core/-/core-1.4.3.tgz#9ac52d2d5aea958f67e52c40a065f51de59b77d6"
  integrity sha512-4m62DuCE07lw01soJwPiBGC0nAww0Q+RY70VZ+n49yDIO13yyinhbWCeNnaob0lakDtWQzSdtNWzJeOJt2ma+g==
  dependencies:
    "@emnapi/wasi-threads" "1.0.2"
    tslib "^2.4.0"

"@emnapi/runtime@^1.4.0":
  version "1.4.3"
  resolved "https://registry.yarnpkg.com/@emnapi/runtime/-/runtime-1.4.3.tgz#c0564665c80dc81c448adac23f9dfbed6c838f7d"
  integrity sha512-pBPWdu6MLKROBX05wSNKcNb++m5Er+KQ9QkB+WVM+pW2Kx9hoSrVTnu3BdkI5eBLZoKu/J6mW/B6i6bJB2ytXQ==
  dependencies:
    tslib "^2.4.0"

"@emnapi/wasi-threads@1.0.2", "@emnapi/wasi-threads@^1.0.1":
  version "1.0.2"
  resolved "https://registry.yarnpkg.com/@emnapi/wasi-threads/-/wasi-threads-1.0.2.tgz#977f44f844eac7d6c138a415a123818c655f874c"
  integrity sha512-5n3nTJblwRi8LlXkJ9eBzu+kZR8Yxcc7ubakyQTFzPMtIhFpUBRbsnc2Dv88IZDIbCDlBiWrknhB4Lsz7mg6BA==
  dependencies:
    tslib "^2.4.0"

"@napi-rs/wasm-runtime@^0.2.8":
  version "0.2.9"
  resolved "https://registry.yarnpkg.com/@napi-rs/wasm-runtime/-/wasm-runtime-0.2.9.tgz#7278122cf94f3b36d8170a8eee7d85356dfa6a96"
  integrity sha512-OKRBiajrrxB9ATokgEQoG87Z25c67pCpYcCwmXYX8PBftC9pBfN18gnm/fh1wurSLEKIAt+QRFLFCQISrb66Jg==
  dependencies:
    "@emnapi/core" "^1.4.0"
    "@emnapi/runtime" "^1.4.0"
    "@tybys/wasm-util" "^0.9.0"

"@next/env@14.1.0":
  version "14.1.0"
  resolved "https://registry.yarnpkg.com/@next/env/-/env-14.1.0.tgz#43d92ebb53bc0ae43dcc64fb4d418f8f17d7a341"
  integrity sha512-Py8zIo+02ht82brwwhTg36iogzFqGLPXlRGKQw5s+qP/kMNc4MAyDeEwBKDijk6zTIbegEgu8Qy7C1LboslQAw==

"@next/swc-darwin-arm64@14.1.0":
  version "14.1.0"
  resolved "https://registry.yarnpkg.com/@next/swc-darwin-arm64/-/swc-darwin-arm64-14.1.0.tgz#70a57c87ab1ae5aa963a3ba0f4e59e18f4ecea39"
  integrity sha512-nUDn7TOGcIeyQni6lZHfzNoo9S0euXnu0jhsbMOmMJUBfgsnESdjN97kM7cBqQxZa8L/bM9om/S5/1dzCrW6wQ==

"@next/swc-darwin-x64@14.1.0":
  version "14.1.0"
  resolved "https://registry.yarnpkg.com/@next/swc-darwin-x64/-/swc-darwin-x64-14.1.0.tgz#0863a22feae1540e83c249384b539069fef054e9"
  integrity sha512-1jgudN5haWxiAl3O1ljUS2GfupPmcftu2RYJqZiMJmmbBT5M1XDffjUtRUzP4W3cBHsrvkfOFdQ71hAreNQP6g==

"@next/swc-linux-arm64-gnu@14.1.0":
  version "14.1.0"
  resolved "https://registry.yarnpkg.com/@next/swc-linux-arm64-gnu/-/swc-linux-arm64-gnu-14.1.0.tgz#893da533d3fce4aec7116fe772d4f9b95232423c"
  integrity sha512-RHo7Tcj+jllXUbK7xk2NyIDod3YcCPDZxj1WLIYxd709BQ7WuRYl3OWUNG+WUfqeQBds6kvZYlc42NJJTNi4tQ==

"@next/swc-linux-arm64-musl@14.1.0":
  version "14.1.0"
  resolved "https://registry.yarnpkg.com/@next/swc-linux-arm64-musl/-/swc-linux-arm64-musl-14.1.0.tgz#d81ddcf95916310b8b0e4ad32b637406564244c0"
  integrity sha512-v6kP8sHYxjO8RwHmWMJSq7VZP2nYCkRVQ0qolh2l6xroe9QjbgV8siTbduED4u0hlk0+tjS6/Tuy4n5XCp+l6g==

"@next/swc-linux-x64-gnu@14.1.0":
  version "14.1.0"
  resolved "https://registry.yarnpkg.com/@next/swc-linux-x64-gnu/-/swc-linux-x64-gnu-14.1.0.tgz#18967f100ec19938354332dcb0268393cbacf581"
  integrity sha512-zJ2pnoFYB1F4vmEVlb/eSe+VH679zT1VdXlZKX+pE66grOgjmKJHKacf82g/sWE4MQ4Rk2FMBCRnX+l6/TVYzQ==

"@next/swc-linux-x64-musl@14.1.0":
  version "14.1.0"
  resolved "https://registry.yarnpkg.com/@next/swc-linux-x64-musl/-/swc-linux-x64-musl-14.1.0.tgz#77077cd4ba8dda8f349dc7ceb6230e68ee3293cf"
  integrity sha512-rbaIYFt2X9YZBSbH/CwGAjbBG2/MrACCVu2X0+kSykHzHnYH5FjHxwXLkcoJ10cX0aWCEynpu+rP76x0914atg==

"@next/swc-win32-arm64-msvc@14.1.0":
  version "14.1.0"
  resolved "https://registry.yarnpkg.com/@next/swc-win32-arm64-msvc/-/swc-win32-arm64-msvc-14.1.0.tgz#5f0b8cf955644104621e6d7cc923cad3a4c5365a"
  integrity sha512-o1N5TsYc8f/HpGt39OUQpQ9AKIGApd3QLueu7hXk//2xq5Z9OxmV6sQfNp8C7qYmiOlHYODOGqNNa0e9jvchGQ==

"@next/swc-win32-ia32-msvc@14.1.0":
  version "14.1.0"
  resolved "https://registry.yarnpkg.com/@next/swc-win32-ia32-msvc/-/swc-win32-ia32-msvc-14.1.0.tgz#21f4de1293ac5e5a168a412b139db5d3420a89d0"
  integrity sha512-XXIuB1DBRCFwNO6EEzCTMHT5pauwaSj4SWs7CYnME57eaReAKBXCnkUE80p/pAZcewm7hs+vGvNqDPacEXHVkw==

"@next/swc-win32-x64-msvc@14.1.0":
  version "14.1.0"
  resolved "https://registry.yarnpkg.com/@next/swc-win32-x64-msvc/-/swc-win32-x64-msvc-14.1.0.tgz#e561fb330466d41807123d932b365cf3d33ceba2"
  integrity sha512-9WEbVRRAqJ3YFVqEZIxUqkiO8l1nool1LmNxygr5HWF8AcSYsEpneUDhmjUVJEzO2A04+oPtZdombzzPPkTtgg==

"@swc/helpers@0.5.2":
  version "0.5.2"
  resolved "https://registry.yarnpkg.com/@swc/helpers/-/helpers-0.5.2.tgz#85ea0c76450b61ad7d10a37050289eded783c27d"
  integrity sha512-E4KcWTpoLHqwPHLxidpOqQbcrZVgi0rsmmZXUle1jXmJfuIf/UWpczUJ7MZZ5tlxytgJXyp0w4PGkkeLiuIdZw==
  dependencies:
    tslib "^2.4.0"

"@tailwindcss/node@4.1.4":
  version "4.1.4"
  resolved "https://registry.yarnpkg.com/@tailwindcss/node/-/node-4.1.4.tgz#cfabbbcd53cbbae8a175dc744e6fe31e8ad43d3e"
  integrity sha512-MT5118zaiO6x6hNA04OWInuAiP1YISXql8Z+/Y8iisV5nuhM8VXlyhRuqc2PEviPszcXI66W44bCIk500Oolhw==
  dependencies:
    enhanced-resolve "^5.18.1"
    jiti "^2.4.2"
    lightningcss "1.29.2"
    tailwindcss "4.1.4"

"@tailwindcss/oxide-android-arm64@4.1.4":
  version "4.1.4"
  resolved "https://registry.yarnpkg.com/@tailwindcss/oxide-android-arm64/-/oxide-android-arm64-4.1.4.tgz#5cee1085f6c856f0da2c182e29d115af1f1118e8"
  integrity sha512-xMMAe/SaCN/vHfQYui3fqaBDEXMu22BVwQ33veLc8ep+DNy7CWN52L+TTG9y1K397w9nkzv+Mw+mZWISiqhmlA==

"@tailwindcss/oxide-darwin-arm64@4.1.4":
  version "4.1.4"
  resolved "https://registry.yarnpkg.com/@tailwindcss/oxide-darwin-arm64/-/oxide-darwin-arm64-4.1.4.tgz#878c0ea38fa277f058084bb1a91a4891d9049945"
  integrity sha512-JGRj0SYFuDuAGilWFBlshcexev2hOKfNkoX+0QTksKYq2zgF9VY/vVMq9m8IObYnLna0Xlg+ytCi2FN2rOL0Sg==

"@tailwindcss/oxide-darwin-x64@4.1.4":
  version "4.1.4"
  resolved "https://registry.yarnpkg.com/@tailwindcss/oxide-darwin-x64/-/oxide-darwin-x64-4.1.4.tgz#ffde947581f7eaa7e1df2be222255ccff063de8a"
  integrity sha512-sdDeLNvs3cYeWsEJ4H1DvjOzaGios4QbBTNLVLVs0XQ0V95bffT3+scptzYGPMjm7xv4+qMhCDrkHwhnUySEzA==

"@tailwindcss/oxide-freebsd-x64@4.1.4":
  version "4.1.4"
  resolved "https://registry.yarnpkg.com/@tailwindcss/oxide-freebsd-x64/-/oxide-freebsd-x64-4.1.4.tgz#894dbe0155afe924071198c44635663d3d9c967a"
  integrity sha512-VHxAqxqdghM83HslPhRsNhHo91McsxRJaEnShJOMu8mHmEj9Ig7ToHJtDukkuLWLzLboh2XSjq/0zO6wgvykNA==

"@tailwindcss/oxide-linux-arm-gnueabihf@4.1.4":
  version "4.1.4"
  resolved "https://registry.yarnpkg.com/@tailwindcss/oxide-linux-arm-gnueabihf/-/oxide-linux-arm-gnueabihf-4.1.4.tgz#7b5d7de6a88613e5c908a68f1ed84ac675fd9351"
  integrity sha512-OTU/m/eV4gQKxy9r5acuesqaymyeSCnsx1cFto/I1WhPmi5HDxX1nkzb8KYBiwkHIGg7CTfo/AcGzoXAJBxLfg==

"@tailwindcss/oxide-linux-arm64-gnu@4.1.4":
  version "4.1.4"
  resolved "https://registry.yarnpkg.com/@tailwindcss/oxide-linux-arm64-gnu/-/oxide-linux-arm64-gnu-4.1.4.tgz#9d77b37c0ad52c370de3573240993d43d6e82141"
  integrity sha512-hKlLNvbmUC6z5g/J4H+Zx7f7w15whSVImokLPmP6ff1QqTVE+TxUM9PGuNsjHvkvlHUtGTdDnOvGNSEUiXI1Ww==

"@tailwindcss/oxide-linux-arm64-musl@4.1.4":
  version "4.1.4"
  resolved "https://registry.yarnpkg.com/@tailwindcss/oxide-linux-arm64-musl/-/oxide-linux-arm64-musl-4.1.4.tgz#a1839425aaa7a42a465d58017f53c3817d98ac3d"
  integrity sha512-X3As2xhtgPTY/m5edUtddmZ8rCruvBvtxYLMw9OsZdH01L2gS2icsHRwxdU0dMItNfVmrBezueXZCHxVeeb7Aw==

"@tailwindcss/oxide-linux-x64-gnu@4.1.4":
  version "4.1.4"
  resolved "https://registry.yarnpkg.com/@tailwindcss/oxide-linux-x64-gnu/-/oxide-linux-x64-gnu-4.1.4.tgz#bf11a9bf2191d964bb8f696d2ea904b55140b800"
  integrity sha512-2VG4DqhGaDSmYIu6C4ua2vSLXnJsb/C9liej7TuSO04NK+JJJgJucDUgmX6sn7Gw3Cs5ZJ9ZLrnI0QRDOjLfNQ==

"@tailwindcss/oxide-linux-x64-musl@4.1.4":
  version "4.1.4"
  resolved "https://registry.yarnpkg.com/@tailwindcss/oxide-linux-x64-musl/-/oxide-linux-x64-musl-4.1.4.tgz#11c7429543951cfa308016d4a957ab6a4192b37f"
  integrity sha512-v+mxVgH2kmur/X5Mdrz9m7TsoVjbdYQT0b4Z+dr+I4RvreCNXyCFELZL/DO0M1RsidZTrm6O1eMnV6zlgEzTMQ==

"@tailwindcss/oxide-wasm32-wasi@4.1.4":
  version "4.1.4"
  resolved "https://registry.yarnpkg.com/@tailwindcss/oxide-wasm32-wasi/-/oxide-wasm32-wasi-4.1.4.tgz#2c6b1aba1f086c3337625cdb3372c3955832768c"
  integrity sha512-2TLe9ir+9esCf6Wm+lLWTMbgklIjiF0pbmDnwmhR9MksVOq+e8aP3TSsXySnBDDvTTVd/vKu1aNttEGj3P6l8Q==
  dependencies:
    "@emnapi/core" "^1.4.0"
    "@emnapi/runtime" "^1.4.0"
    "@emnapi/wasi-threads" "^1.0.1"
    "@napi-rs/wasm-runtime" "^0.2.8"
    "@tybys/wasm-util" "^0.9.0"
    tslib "^2.8.0"

"@tailwindcss/oxide-win32-arm64-msvc@4.1.4":
  version "4.1.4"
  resolved "https://registry.yarnpkg.com/@tailwindcss/oxide-win32-arm64-msvc/-/oxide-win32-arm64-msvc-4.1.4.tgz#ffdfed3d61203428d448f52e35185f85a0ef9856"
  integrity sha512-VlnhfilPlO0ltxW9/BgfLI5547PYzqBMPIzRrk4W7uupgCt8z6Trw/tAj6QUtF2om+1MH281Pg+HHUJoLesmng==

"@tailwindcss/oxide-win32-x64-msvc@4.1.4":
  version "4.1.4"
  resolved "https://registry.yarnpkg.com/@tailwindcss/oxide-win32-x64-msvc/-/oxide-win32-x64-msvc-4.1.4.tgz#0abb7920564bcf5dafabc56914eeea38547a32c9"
  integrity sha512-+7S63t5zhYjslUGb8NcgLpFXD+Kq1F/zt5Xv5qTv7HaFTG/DHyHD9GA6ieNAxhgyA4IcKa/zy7Xx4Oad2/wuhw==

"@tailwindcss/oxide@4.1.4":
  version "4.1.4"
  resolved "https://registry.yarnpkg.com/@tailwindcss/oxide/-/oxide-4.1.4.tgz#bf3bce61310b64bd47f61f12083ae4903a91ba8e"
  integrity sha512-p5wOpXyOJx7mKh5MXh5oKk+kqcz8T+bA3z/5VWWeQwFrmuBItGwz8Y2CHk/sJ+dNb9B0nYFfn0rj/cKHZyjahQ==
  optionalDependencies:
    "@tailwindcss/oxide-android-arm64" "4.1.4"
    "@tailwindcss/oxide-darwin-arm64" "4.1.4"
    "@tailwindcss/oxide-darwin-x64" "4.1.4"
    "@tailwindcss/oxide-freebsd-x64" "4.1.4"
    "@tailwindcss/oxide-linux-arm-gnueabihf" "4.1.4"
    "@tailwindcss/oxide-linux-arm64-gnu" "4.1.4"
    "@tailwindcss/oxide-linux-arm64-musl" "4.1.4"
    "@tailwindcss/oxide-linux-x64-gnu" "4.1.4"
    "@tailwindcss/oxide-linux-x64-musl" "4.1.4"
    "@tailwindcss/oxide-wasm32-wasi" "4.1.4"
    "@tailwindcss/oxide-win32-arm64-msvc" "4.1.4"
    "@tailwindcss/oxide-win32-x64-msvc" "4.1.4"

"@tailwindcss/vite@^4.1.4":
  version "4.1.4"
  resolved "https://registry.yarnpkg.com/@tailwindcss/vite/-/vite-4.1.4.tgz#4ae66008e3f69499b7a951ba42aa4bc3cb2f7cd0"
  integrity sha512-4UQeMrONbvrsXKXXp/uxmdEN5JIJ9RkH7YVzs6AMxC/KC1+Np7WZBaNIco7TEjlkthqxZbt8pU/ipD+hKjm80A==
  dependencies:
    "@tailwindcss/node" "4.1.4"
    "@tailwindcss/oxide" "4.1.4"
    tailwindcss "4.1.4"

"@tybys/wasm-util@^0.9.0":
  version "0.9.0"
  resolved "https://registry.yarnpkg.com/@tybys/wasm-util/-/wasm-util-0.9.0.tgz#3e75eb00604c8d6db470bf18c37b7d984a0e3355"
  integrity sha512-6+7nlbMVX/PVDCwaIQ8nTOPveOcFLSt8GcXdx8hD0bt39uWxYT88uXzqTd4fTvqta7oeUJqudepapKNt2DYJFw==
  dependencies:
    tslib "^2.4.0"

"@types/node@22.15.3":
  version "22.15.3"
  resolved "https://registry.yarnpkg.com/@types/node/-/node-22.15.3.tgz#b7fb9396a8ec5b5dfb1345d8ac2502060e9af68b"
  integrity sha512-lX7HFZeHf4QG/J7tBZqrCAXwz9J5RD56Y6MpP0eJkka8p+K0RY/yBTW7CYFJ4VGCclxqOLKmiGP5juQc6MKgcw==
  dependencies:
    undici-types "~6.21.0"

"@types/react@^19.1.2":
  version "19.1.2"
  resolved "https://registry.yarnpkg.com/@types/react/-/react-19.1.2.tgz#11df86f66f188f212c90ecb537327ec68bfd593f"
  integrity sha512-oxLPMytKchWGbnQM9O7D67uPa9paTNxO7jVoNMXgkkErULBPhPARCfkKL9ytcIJJRGjbsVwW4ugJzyFFvm/Tiw==
  dependencies:
    csstype "^3.0.2"

busboy@1.6.0:
  version "1.6.0"
  resolved "https://registry.yarnpkg.com/busboy/-/busboy-1.6.0.tgz#966ea36a9502e43cdb9146962523b92f531f6893"
  integrity sha512-8SFQbg/0hQ9xy3UNTB0YEnsNBbWfhf7RtnzpL7TkBiTBRfrQ9Fxcnz7VJsleJpyp6rVLvXiuORqjlHi5q+PYuA==
  dependencies:
    streamsearch "^1.1.0"

caniuse-lite@^1.0.30001579:
  version "1.0.30001715"
  resolved "https://registry.yarnpkg.com/caniuse-lite/-/caniuse-lite-1.0.30001715.tgz#bd325a37ad366e3fe90827d74062807a34fbaeb2"
  integrity sha512-7ptkFGMm2OAOgvZpwgA4yjQ5SQbrNVGdRjzH0pBdy1Fasvcr+KAeECmbCAECzTuDuoX0FCY8KzUxjf9+9kfZEw==

client-only@0.0.1:
  version "0.0.1"
  resolved "https://registry.yarnpkg.com/client-only/-/client-only-0.0.1.tgz#38bba5d403c41ab150bff64a95c85013cf73bca1"
  integrity sha512-IV3Ou0jSMzZrd3pZ48nLkT9DA7Ag1pnPzaiQhpW7c3RbcqqzvzzVu+L8gfqMp/8IM2MQtSiqaCxrrcfu8I8rMA==

csstype@^3.0.2:
  version "3.1.3"
  resolved "https://registry.yarnpkg.com/csstype/-/csstype-3.1.3.tgz#d80ff294d114fb0e6ac500fbf85b60137d7eff81"
  integrity sha512-M1uQkMl8rQK/szD0LNhtqxIPLpimGm8sOBwU7lLnCpSbTyY3yeU1Vc7l4KT5zT4s/yOxHH5O7tIuuLOCnLADRw==

detect-libc@^2.0.3:
  version "2.0.4"
  resolved "https://registry.yarnpkg.com/detect-libc/-/detect-libc-2.0.4.tgz#f04715b8ba815e53b4d8109655b6508a6865a7e8"
  integrity sha512-3UDv+G9CsCKO1WKMGw9fwq/SWJYbI0c5Y7LU1AXYoDdbhE2AHQ6N6Nb34sG8Fj7T5APy8qXDCKuuIHd1BR0tVA==

enhanced-resolve@^5.18.1:
  version "5.18.1"
  resolved "https://registry.yarnpkg.com/enhanced-resolve/-/enhanced-resolve-5.18.1.tgz#728ab082f8b7b6836de51f1637aab5d3b9568faf"
  integrity sha512-ZSW3ma5GkcQBIpwZTSRAI8N71Uuwgs93IezB7mf7R60tC8ZbJideoDNKjHn2O9KIlx6rkGTTEk1xUCK2E1Y2Yg==
  dependencies:
    graceful-fs "^4.2.4"
    tapable "^2.2.0"

graceful-fs@^4.2.11, graceful-fs@^4.2.4:
  version "4.2.11"
  resolved "https://registry.yarnpkg.com/graceful-fs/-/graceful-fs-4.2.11.tgz#4183e4e8bf08bb6e05bbb2f7d2e0c8f712ca40e3"
  integrity sha512-RbJ5/jmFcNNCcDV5o9eTnBLJ/HszWV0P73bc+Ff4nS/rJj+YaS6IGyiOL0VoBYX+l1Wrl3k63h/KrH+nhJ0XvQ==

jiti@^2.4.2:
  version "2.4.2"
  resolved "https://registry.yarnpkg.com/jiti/-/jiti-2.4.2.tgz#d19b7732ebb6116b06e2038da74a55366faef560"
  integrity sha512-rg9zJN+G4n2nfJl5MW3BMygZX56zKPNVEYYqq7adpmMh4Jn2QNEwhvQlFy6jPVdcod7txZtKHWnyZiA3a0zP7A==

"js-tokens@^3.0.0 || ^4.0.0":
  version "4.0.0"
  resolved "https://registry.yarnpkg.com/js-tokens/-/js-tokens-4.0.0.tgz#19203fb59991df98e3a287050d4647cdeaf32499"
  integrity sha512-RdJUflcE3cUzKiMqQgsCu06FPu9UdIJO0beYbPhHN4k6apgJtifcoCtT9bcxOpYBtpD2kCM6Sbzg4CausW/PKQ==

lightningcss-darwin-arm64@1.29.2:
  version "1.29.2"
  resolved "https://registry.yarnpkg.com/lightningcss-darwin-arm64/-/lightningcss-darwin-arm64-1.29.2.tgz#6ceff38b01134af48e859394e1ca21e5d49faae6"
  integrity sha512-cK/eMabSViKn/PG8U/a7aCorpeKLMlK0bQeNHmdb7qUnBkNPnL+oV5DjJUo0kqWsJUapZsM4jCfYItbqBDvlcA==

lightningcss-darwin-x64@1.29.2:
  version "1.29.2"
  resolved "https://registry.yarnpkg.com/lightningcss-darwin-x64/-/lightningcss-darwin-x64-1.29.2.tgz#891b6f9e57682d794223c33463ca66d3af3fb038"
  integrity sha512-j5qYxamyQw4kDXX5hnnCKMf3mLlHvG44f24Qyi2965/Ycz829MYqjrVg2H8BidybHBp9kom4D7DR5VqCKDXS0w==

lightningcss-freebsd-x64@1.29.2:
  version "1.29.2"
  resolved "https://registry.yarnpkg.com/lightningcss-freebsd-x64/-/lightningcss-freebsd-x64-1.29.2.tgz#8a95f9ab73b2b2b0beefe1599fafa8b058938495"
  integrity sha512-wDk7M2tM78Ii8ek9YjnY8MjV5f5JN2qNVO+/0BAGZRvXKtQrBC4/cn4ssQIpKIPP44YXw6gFdpUF+Ps+RGsCwg==

lightningcss-linux-arm-gnueabihf@1.29.2:
  version "1.29.2"
  resolved "https://registry.yarnpkg.com/lightningcss-linux-arm-gnueabihf/-/lightningcss-linux-arm-gnueabihf-1.29.2.tgz#5c60bbf92b39d7ed51e363f7b98a7111bf5914a1"
  integrity sha512-IRUrOrAF2Z+KExdExe3Rz7NSTuuJ2HvCGlMKoquK5pjvo2JY4Rybr+NrKnq0U0hZnx5AnGsuFHjGnNT14w26sg==

lightningcss-linux-arm64-gnu@1.29.2:
  version "1.29.2"
  resolved "https://registry.yarnpkg.com/lightningcss-linux-arm64-gnu/-/lightningcss-linux-arm64-gnu-1.29.2.tgz#e73d7608c4cce034c3654e5e8b53be74846224de"
  integrity sha512-KKCpOlmhdjvUTX/mBuaKemp0oeDIBBLFiU5Fnqxh1/DZ4JPZi4evEH7TKoSBFOSOV3J7iEmmBaw/8dpiUvRKlQ==

lightningcss-linux-arm64-musl@1.29.2:
  version "1.29.2"
  resolved "https://registry.yarnpkg.com/lightningcss-linux-arm64-musl/-/lightningcss-linux-arm64-musl-1.29.2.tgz#a95a18d5a909831c092e0a8d2de4b9ac1a8db151"
  integrity sha512-Q64eM1bPlOOUgxFmoPUefqzY1yV3ctFPE6d/Vt7WzLW4rKTv7MyYNky+FWxRpLkNASTnKQUaiMJ87zNODIrrKQ==

lightningcss-linux-x64-gnu@1.29.2:
  version "1.29.2"
  resolved "https://registry.yarnpkg.com/lightningcss-linux-x64-gnu/-/lightningcss-linux-x64-gnu-1.29.2.tgz#551ca07e565394928642edee92acc042e546cb78"
  integrity sha512-0v6idDCPG6epLXtBH/RPkHvYx74CVziHo6TMYga8O2EiQApnUPZsbR9nFNrg2cgBzk1AYqEd95TlrsL7nYABQg==

lightningcss-linux-x64-musl@1.29.2:
  version "1.29.2"
  resolved "https://registry.yarnpkg.com/lightningcss-linux-x64-musl/-/lightningcss-linux-x64-musl-1.29.2.tgz#2fd164554340831bce50285b57101817850dd258"
  integrity sha512-rMpz2yawkgGT8RULc5S4WiZopVMOFWjiItBT7aSfDX4NQav6M44rhn5hjtkKzB+wMTRlLLqxkeYEtQ3dd9696w==

lightningcss-win32-arm64-msvc@1.29.2:
  version "1.29.2"
  resolved "https://registry.yarnpkg.com/lightningcss-win32-arm64-msvc/-/lightningcss-win32-arm64-msvc-1.29.2.tgz#da43ea49fafc5d2de38e016f1a8539d5eed98318"
  integrity sha512-nL7zRW6evGQqYVu/bKGK+zShyz8OVzsCotFgc7judbt6wnB2KbiKKJwBE4SGoDBQ1O94RjW4asrCjQL4i8Fhbw==

lightningcss-win32-x64-msvc@1.29.2:
  version "1.29.2"
  resolved "https://registry.yarnpkg.com/lightningcss-win32-x64-msvc/-/lightningcss-win32-x64-msvc-1.29.2.tgz#ddefaa099a39b725b2f5bbdcb9fc718435cc9797"
  integrity sha512-EdIUW3B2vLuHmv7urfzMI/h2fmlnOQBk1xlsDxkN1tCWKjNFjfLhGxYk8C8mzpSfr+A6jFFIi8fU6LbQGsRWjA==

lightningcss@1.29.2:
  version "1.29.2"
  resolved "https://registry.yarnpkg.com/lightningcss/-/lightningcss-1.29.2.tgz#f5f0fd6e63292a232697e6fe709da5b47624def3"
  integrity sha512-6b6gd/RUXKaw5keVdSEtqFVdzWnU5jMxTUjA2bVcMNPLwSQ08Sv/UodBVtETLCn7k4S1Ibxwh7k68IwLZPgKaA==
  dependencies:
    detect-libc "^2.0.3"
  optionalDependencies:
    lightningcss-darwin-arm64 "1.29.2"
    lightningcss-darwin-x64 "1.29.2"
    lightningcss-freebsd-x64 "1.29.2"
    lightningcss-linux-arm-gnueabihf "1.29.2"
    lightningcss-linux-arm64-gnu "1.29.2"
    lightningcss-linux-arm64-musl "1.29.2"
    lightningcss-linux-x64-gnu "1.29.2"
    lightningcss-linux-x64-musl "1.29.2"
    lightningcss-win32-arm64-msvc "1.29.2"
    lightningcss-win32-x64-msvc "1.29.2"

loose-envify@^1.1.0:
  version "1.4.0"
  resolved "https://registry.yarnpkg.com/loose-envify/-/loose-envify-1.4.0.tgz#71ee51fa7be4caec1a63839f7e682d8132d30caf"
  integrity sha512-lyuxPGr/Wfhrlem2CL/UcnUc1zcqKAImBDzukY7Y5F/yQiNdko6+fRLevlw1HgMySw7f611UIY408EtxRSoK3Q==
  dependencies:
    js-tokens "^3.0.0 || ^4.0.0"

nanoid@^3.3.6:
  version "3.3.11"
  resolved "https://registry.yarnpkg.com/nanoid/-/nanoid-3.3.11.tgz#4f4f112cefbe303202f2199838128936266d185b"
  integrity sha512-N8SpfPUnUp1bK+PMYW8qSWdl9U+wwNWI4QKxOYDy9JAro3WMX7p2OeVRF9v+347pnakNevPmiHhNmZ2HbFA76w==

next@14.1.0:
  version "14.1.0"
  resolved "https://registry.yarnpkg.com/next/-/next-14.1.0.tgz#b31c0261ff9caa6b4a17c5af019ed77387174b69"
  integrity sha512-wlzrsbfeSU48YQBjZhDzOwhWhGsy+uQycR8bHAOt1LY1bn3zZEcDyHQOEoN3aWzQ8LHCAJ1nqrWCc9XF2+O45Q==
  dependencies:
    "@next/env" "14.1.0"
    "@swc/helpers" "0.5.2"
    busboy "1.6.0"
    caniuse-lite "^1.0.30001579"
    graceful-fs "^4.2.11"
    postcss "8.4.31"
    styled-jsx "5.1.1"
  optionalDependencies:
    "@next/swc-darwin-arm64" "14.1.0"
    "@next/swc-darwin-x64" "14.1.0"
    "@next/swc-linux-arm64-gnu" "14.1.0"
    "@next/swc-linux-arm64-musl" "14.1.0"
    "@next/swc-linux-x64-gnu" "14.1.0"
    "@next/swc-linux-x64-musl" "14.1.0"
    "@next/swc-win32-arm64-msvc" "14.1.0"
    "@next/swc-win32-ia32-msvc" "14.1.0"
    "@next/swc-win32-x64-msvc" "14.1.0"

picocolors@^1.0.0:
  version "1.1.1"
  resolved "https://registry.yarnpkg.com/picocolors/-/picocolors-1.1.1.tgz#3d321af3eab939b083c8f929a1d12cda81c26b6b"
  integrity sha512-xceH2snhtb5M9liqDsmEw56le376mTZkEX/jEb/RxNFyegNul7eNslCXP9FDj/Lcu0X8KEyMceP2ntpaHrDEVA==

postcss@8.4.31:
  version "8.4.31"
  resolved "https://registry.yarnpkg.com/postcss/-/postcss-8.4.31.tgz#92b451050a9f914da6755af352bdc0192508656d"
  integrity sha512-PS08Iboia9mts/2ygV3eLpY5ghnUcfLV/EXTOW1E2qYxJKGGBUtNjN76FYHnMs36RmARn41bC0AZmn+rR0OVpQ==
  dependencies:
    nanoid "^3.3.6"
    picocolors "^1.0.0"
    source-map-js "^1.0.2"

react-dom@^18:
  version "18.3.1"
  resolved "https://registry.yarnpkg.com/react-dom/-/react-dom-18.3.1.tgz#c2265d79511b57d479b3dd3fdfa51536494c5cb4"
  integrity sha512-5m4nQKp+rZRb09LNH59GM4BxTh9251/ylbKIbpe7TpGxfJ+9kv6BLkLBXIjjspbgbnIBNqlI23tRnTWT0snUIw==
  dependencies:
    loose-envify "^1.1.0"
    scheduler "^0.23.2"

react@^18:
  version "18.3.1"
  resolved "https://registry.yarnpkg.com/react/-/react-18.3.1.tgz#49ab892009c53933625bd16b2533fc754cab2891"
  integrity sha512-wS+hAgJShR0KhEvPJArfuPVN1+Hz1t0Y6n5jLrGQbkb4urgPE/0Rve+1kMB1v/oWgHgm4WIcV+i7F2pTVj+2iQ==
  dependencies:
    loose-envify "^1.1.0"

scheduler@^0.23.2:
  version "0.23.2"
  resolved "https://registry.yarnpkg.com/scheduler/-/scheduler-0.23.2.tgz#414ba64a3b282892e944cf2108ecc078d115cdc3"
  integrity sha512-UOShsPwz7NrMUqhR6t0hWjFduvOzbtv7toDH1/hIrfRNIDBnnBWd0CwJTGvTpngVlmwGCdP9/Zl/tVrDqcuYzQ==
  dependencies:
    loose-envify "^1.1.0"

source-map-js@^1.0.2:
  version "1.2.1"
  resolved "https://registry.yarnpkg.com/source-map-js/-/source-map-js-1.2.1.tgz#1ce5650fddd87abc099eda37dcff024c2667ae46"
  integrity sha512-UXWMKhLOwVKb728IUtQPXxfYU+usdybtUrK/8uGE8CQMvrhOpwvzDBwj0QhSL7MQc7vIsISBG8VQ8+IDQxpfQA==

streamsearch@^1.1.0:
  version "1.1.0"
  resolved "https://registry.yarnpkg.com/streamsearch/-/streamsearch-1.1.0.tgz#404dd1e2247ca94af554e841a8ef0eaa238da764"
  integrity sha512-Mcc5wHehp9aXz1ax6bZUyY5afg9u2rv5cqQI3mRrYkGC8rW2hM02jWuwjtL++LS5qinSyhj2QfLyNsuc+VsExg==

styled-jsx@5.1.1:
  version "5.1.1"
  resolved "https://registry.yarnpkg.com/styled-jsx/-/styled-jsx-5.1.1.tgz#839a1c3aaacc4e735fed0781b8619ea5d0009d1f"
  integrity sha512-pW7uC1l4mBZ8ugbiZrcIsiIvVx1UmTfw7UkC3Um2tmfUq9Bhk8IiyEIPl6F8agHgjzku6j0xQEZbfA5uSgSaCw==
  dependencies:
    client-only "0.0.1"

tailwindcss@4.1.4, tailwindcss@^4.1.4:
  version "4.1.4"
  resolved "https://registry.yarnpkg.com/tailwindcss/-/tailwindcss-4.1.4.tgz#27b3c910c6f1a47f4540451f3faf7cdd6d977a69"
  integrity sha512-1ZIUqtPITFbv/DxRmDr5/agPqJwF69d24m9qmM1939TJehgY539CtzeZRjbLt5G6fSy/7YqqYsfvoTEw9xUI2A==

tapable@^2.2.0:
  version "2.2.1"
  resolved "https://registry.yarnpkg.com/tapable/-/tapable-2.2.1.tgz#1967a73ef4060a82f12ab96af86d52fdb76eeca0"
  integrity sha512-GNzQvQTOIP6RyTfE2Qxb8ZVlNmw0n88vp1szwWRimP02mnTsx3Wtn5qRdqY9w2XduFNUgvOwhNnQsjwCp+kqaQ==

tslib@^2.4.0, tslib@^2.8.0:
  version "2.8.1"
  resolved "https://registry.yarnpkg.com/tslib/-/tslib-2.8.1.tgz#612efe4ed235d567e8aba5f2a5fab70280ade83f"
  integrity sha512-oJFu94HQb+KVduSUQL7wnpmqnfmLsOA/nAh6b6EH0wCEoK0/mPeXU6c3wKDV83MkOuHPRHtSXKKU99IBazS/2w==

typescript@5.8.3:
  version "5.8.3"
  resolved "https://registry.yarnpkg.com/typescript/-/typescript-5.8.3.tgz#92f8a3e5e3cf497356f4178c34cd65a7f5e8440e"
  integrity sha512-p1diW6TqL9L07nNxvRMM7hMMw4c5XOo/1ibL4aAIGmSAt9slTE1Xgw5KWuof2uTOvCg9BY7ZRi+GaF+7sfgPeQ==

undici-types@~6.21.0:
  version "6.21.0"
  resolved "https://registry.yarnpkg.com/undici-types/-/undici-types-6.21.0.tgz#691d00af3909be93a7faa13be61b3a5b50ef12cb"
  integrity sha512-iwDZqg0QAGrg9Rav5H4n0M64c3mkR59cJ6wQp+7C4nI0gsmExaedaYLNO44eT4AtBBwjbTiGPMlt2Md0T9H9JQ==
